
Microsoft Visual Studio Solution File, Format Version 12.00
# Visual Studio Version 16
VisualStudioVersion = 16.0.32002.261
MinimumVisualStudioVersion = 10.0.40219.1
Project("{FAE04EC0-301F-11D3-BF4B-00C04F79EFBC}") = "ConsoleApp3", "ConsoleApp3.csproj", "{AEBC450B-2A9C-4ACC-89E4-6B7CB216AD8A}"
EndProject
Global
	GlobalSection(SolutionConfigurationPlatforms) = preSolution
		Debug|Any CPU = Debug|Any CPU
		Release|Any CPU = Release|Any CPU
	EndGlobalSection
	GlobalSection(ProjectConfigurationPlatforms) = postSolution
		{AEBC450B-2A9C-4ACC-89E4-6B7CB216AD8A}.Debug|Any CPU.ActiveCfg = Debug|Any CPU
		{AEBC450B-2A9C-4ACC-89E4-6B7CB216AD8A}.Debug|Any CPU.Build.0 = Debug|Any CPU
		{AEBC450B-2A9C-4ACC-89E4-6B7CB216AD8A}.Release|Any CPU.ActiveCfg = Release|Any CPU
		{AEBC450B-2A9C-4ACC-89E4-6B7CB216AD8A}.Release|Any CPU.Build.0 = Release|Any CPU
	EndGlobalSection
	GlobalSection(SolutionProperties) = preSolution
		HideSolutionNode = FALSE
	EndGlobalSection
	GlobalSection(ExtensibilityGlobals) = postSolution
		SolutionGuid = {853F4AFA-D416-4C51-8B73-CC2DDC9EFA7E}
	EndGlobalSection
EndGlobal
